
Microsoft Visual Studio Solution File, Format Version 12.00
# Visual Studio 15
Project("{FAE04EC0-301F-11D3-BF4B-00C04F79EFBC}") = "Battleship-StateTracker", "Battleship-StateTracker\Battleship-StateTracker.csproj", "{76DB756E-B223-41CF-98A0-FDE5BAED638A}"
EndProject
Global
	GlobalSection(SolutionConfigurationPlatforms) = preSolution
		Debug|Any CPU = Debug|Any CPU
		Release|Any CPU = Release|Any CPU
	EndGlobalSection
	GlobalSection(ProjectConfigurationPlatforms) = postSolution
		{76DB756E-B223-41CF-98A0-FDE5BAED638A}.Debug|Any CPU.ActiveCfg = Debug|Any CPU
		{76DB756E-B223-41CF-98A0-FDE5BAED638A}.Debug|Any CPU.Build.0 = Debug|Any CPU
		{76DB756E-B223-41CF-98A0-FDE5BAED638A}.Release|Any CPU.ActiveCfg = Release|Any CPU
		{76DB756E-B223-41CF-98A0-FDE5BAED638A}.Release|Any CPU.Build.0 = Release|Any CPU
	EndGlobalSection
EndGlobal
